
Microsoft Visual Studio Solution File, Format Version 12.00
# Visual Studio 15
VisualStudioVersion = 15.0.27428.2043
MinimumVisualStudioVersion = 10.0.40219.1
Project("{FAE04EC0-301F-11D3-BF4B-00C04F79EFBC}") = "Menu", "Menu\Menu.csproj", "{4D1EC96F-9FFD-499B-BACF-2B002095AB36}"
EndProject
Project("{FAE04EC0-301F-11D3-BF4B-00C04F79EFBC}") = "Menu.Tests", "Menu.Tests\Menu.Tests.csproj", "{3EE7A48E-C20B-4982-8448-5E7749659761}"
EndProject
Global
	GlobalSection(SolutionConfigurationPlatforms) = preSolution
		Debug|Any CPU = Debug|Any CPU
		Release|Any CPU = Release|Any CPU
	EndGlobalSection
	GlobalSection(ProjectConfigurationPlatforms) = postSolution
		{4D1EC96F-9FFD-499B-BACF-2B002095AB36}.Debug|Any CPU.ActiveCfg = Debug|Any CPU
		{4D1EC96F-9FFD-499B-BACF-2B002095AB36}.Debug|Any CPU.Build.0 = Debug|Any CPU
		{4D1EC96F-9FFD-499B-BACF-2B002095AB36}.Release|Any CPU.ActiveCfg = Release|Any CPU
		{4D1EC96F-9FFD-499B-BACF-2B002095AB36}.Release|Any CPU.Build.0 = Release|Any CPU
		{3EE7A48E-C20B-4982-8448-5E7749659761}.Debug|Any CPU.ActiveCfg = Debug|Any CPU
		{3EE7A48E-C20B-4982-8448-5E7749659761}.Debug|Any CPU.Build.0 = Debug|Any CPU
		{3EE7A48E-C20B-4982-8448-5E7749659761}.Release|Any CPU.ActiveCfg = Release|Any CPU
		{3EE7A48E-C20B-4982-8448-5E7749659761}.Release|Any CPU.Build.0 = Release|Any CPU
	EndGlobalSection
	GlobalSection(SolutionProperties) = preSolution
		HideSolutionNode = FALSE
	EndGlobalSection
	GlobalSection(ExtensibilityGlobals) = postSolution
		SolutionGuid = {C59F08C9-20C0-4A9A-918B-5AF3437720DA}
	EndGlobalSection
EndGlobal
